
Microsoft Visual Studio Solution File, Format Version 12.00
# Visual Studio Version 17
VisualStudioVersion = 17.14.36401.2 d17.14
MinimumVisualStudioVersion = 10.0.40219.1
Project("{FAE04EC0-301F-11D3-BF4B-00C04F79EFBC}") = "WinFormsApp9", "WinFormsApp9\WinFormsApp9.csproj", "{A6CA26D4-A1FE-4630-BB9D-E41CC1080C39}"
EndProject
Global
	GlobalSection(SolutionConfigurationPlatforms) = preSolution
		Debug|Any CPU = Debug|Any CPU
		Release|Any CPU = Release|Any CPU
	EndGlobalSection
	GlobalSection(ProjectConfigurationPlatforms) = postSolution
		{A6CA26D4-A1FE-4630-BB9D-E41CC1080C39}.Debug|Any CPU.ActiveCfg = Debug|Any CPU
		{A6CA26D4-A1FE-4630-BB9D-E41CC1080C39}.Debug|Any CPU.Build.0 = Debug|Any CPU
		{A6CA26D4-A1FE-4630-BB9D-E41CC1080C39}.Release|Any CPU.ActiveCfg = Release|Any CPU
		{A6CA26D4-A1FE-4630-BB9D-E41CC1080C39}.Release|Any CPU.Build.0 = Release|Any CPU
	EndGlobalSection
	GlobalSection(SolutionProperties) = preSolution
		HideSolutionNode = FALSE
	EndGlobalSection
	GlobalSection(ExtensibilityGlobals) = postSolution
		SolutionGuid = {B9E1D384-2492-4C1F-9567-04FDE0BC2B72}
	EndGlobalSection
EndGlobal
